
Microsoft Visual Studio Solution File, Format Version 12.00
# Visual Studio Version 17
VisualStudioVersion = 17.8.34511.84
MinimumVisualStudioVersion = 10.0.40219.1
Project("{FAE04EC0-301F-11D3-BF4B-00C04F79EFBC}") = "Presentation", "Presentation\Presentation.csproj", "{EB175F85-C05B-46DC-9D66-2B04B99B136A}"
EndProject
Project("{FAE04EC0-301F-11D3-BF4B-00C04F79EFBC}") = "BLL", "BLL\BLL.csproj", "{283853AB-E834-454A-9200-3C991B830913}"
EndProject
Project("{FAE04EC0-301F-11D3-BF4B-00C04F79EFBC}") = "DAL", "DAL\DAL.csproj", "{C42AB26A-B38E-4DC3-865E-00BD3D62A7F2}"
EndProject
Global
	GlobalSection(SolutionConfigurationPlatforms) = preSolution
		Debug|Any CPU = Debug|Any CPU
		Release|Any CPU = Release|Any CPU
	EndGlobalSection
	GlobalSection(ProjectConfigurationPlatforms) = postSolution
		{EB175F85-C05B-46DC-9D66-2B04B99B136A}.Debug|Any CPU.ActiveCfg = Debug|Any CPU
		{EB175F85-C05B-46DC-9D66-2B04B99B136A}.Debug|Any CPU.Build.0 = Debug|Any CPU
		{EB175F85-C05B-46DC-9D66-2B04B99B136A}.Release|Any CPU.ActiveCfg = Release|Any CPU
		{EB175F85-C05B-46DC-9D66-2B04B99B136A}.Release|Any CPU.Build.0 = Release|Any CPU
		{283853AB-E834-454A-9200-3C991B830913}.Debug|Any CPU.ActiveCfg = Debug|Any CPU
		{283853AB-E834-454A-9200-3C991B830913}.Debug|Any CPU.Build.0 = Debug|Any CPU
		{283853AB-E834-454A-9200-3C991B830913}.Release|Any CPU.ActiveCfg = Release|Any CPU
		{283853AB-E834-454A-9200-3C991B830913}.Release|Any CPU.Build.0 = Release|Any CPU
		{C42AB26A-B38E-4DC3-865E-00BD3D62A7F2}.Debug|Any CPU.ActiveCfg = Debug|Any CPU
		{C42AB26A-B38E-4DC3-865E-00BD3D62A7F2}.Debug|Any CPU.Build.0 = Debug|Any CPU
		{C42AB26A-B38E-4DC3-865E-00BD3D62A7F2}.Release|Any CPU.ActiveCfg = Release|Any CPU
		{C42AB26A-B38E-4DC3-865E-00BD3D62A7F2}.Release|Any CPU.Build.0 = Release|Any CPU
	EndGlobalSection
	GlobalSection(SolutionProperties) = preSolution
		HideSolutionNode = FALSE
	EndGlobalSection
	GlobalSection(ExtensibilityGlobals) = postSolution
		SolutionGuid = {912C138D-A968-4AAF-9160-7F5220922C54}
	EndGlobalSection
EndGlobal
